
Microsoft Visual Studio Solution File, Format Version 12.00
# Visual Studio Version 17
VisualStudioVersion = 17.13.35931.197
MinimumVisualStudioVersion = 10.0.40219.1
Project("{FAE04EC0-301F-11D3-BF4B-00C04F79EFBC}") = "Yeastar", "Yeastar\Yeastar.csproj", "{7B1CA795-0039-693D-50F0-760C1194E47B}"
EndProject
Project("{FAE04EC0-301F-11D3-BF4B-00C04F79EFBC}") = "YeastarConsole", "YeastarConsole\YeastarConsole.csproj", "{0224D438-80D7-0016-2334-004E03E80AC5}"
EndProject
Global
	GlobalSection(SolutionConfigurationPlatforms) = preSolution
		Debug|Any CPU = Debug|Any CPU
		Release|Any CPU = Release|Any CPU
	EndGlobalSection
	GlobalSection(ProjectConfigurationPlatforms) = postSolution
		{7B1CA795-0039-693D-50F0-760C1194E47B}.Debug|Any CPU.ActiveCfg = Debug|Any CPU
		{7B1CA795-0039-693D-50F0-760C1194E47B}.Debug|Any CPU.Build.0 = Debug|Any CPU
		{7B1CA795-0039-693D-50F0-760C1194E47B}.Release|Any CPU.ActiveCfg = Release|Any CPU
		{7B1CA795-0039-693D-50F0-760C1194E47B}.Release|Any CPU.Build.0 = Release|Any CPU
		{0224D438-80D7-0016-2334-004E03E80AC5}.Debug|Any CPU.ActiveCfg = Debug|Any CPU
		{0224D438-80D7-0016-2334-004E03E80AC5}.Debug|Any CPU.Build.0 = Debug|Any CPU
		{0224D438-80D7-0016-2334-004E03E80AC5}.Release|Any CPU.ActiveCfg = Release|Any CPU
		{0224D438-80D7-0016-2334-004E03E80AC5}.Release|Any CPU.Build.0 = Release|Any CPU
	EndGlobalSection
	GlobalSection(SolutionProperties) = preSolution
		HideSolutionNode = FALSE
	EndGlobalSection
	GlobalSection(ExtensibilityGlobals) = postSolution
		SolutionGuid = {C74DC7B1-05C1-4889-9B12-B64266A454BB}
	EndGlobalSection
EndGlobal
